
Microsoft Visual Studio Solution File, Format Version 12.00
# Visual Studio Version 16
VisualStudioVersion = 16.0.31321.278
MinimumVisualStudioVersion = 10.0.40219.1
Project("{9A19103F-16F7-4668-BE54-9A1E7A4F7556}") = "StocksApp", "StocksApp\StocksApp.csproj", "{C7048307-0C6A-4C7A-A215-4AA24CB964B7}"
EndProject
Project("{FAE04EC0-301F-11D3-BF4B-00C04F79EFBC}") = "StocksApp.Templates", "StocksApp.Templates\StocksApp.Templates.csproj", "{EB749581-F09D-4E0E-AD11-EC88F68D1D12}"
EndProject
Global
	GlobalSection(SolutionConfigurationPlatforms) = preSolution
		Debug|Any CPU = Debug|Any CPU
		Release|Any CPU = Release|Any CPU
	EndGlobalSection
	GlobalSection(ProjectConfigurationPlatforms) = postSolution
		{C7048307-0C6A-4C7A-A215-4AA24CB964B7}.Debug|Any CPU.ActiveCfg = Debug|Any CPU
		{C7048307-0C6A-4C7A-A215-4AA24CB964B7}.Debug|Any CPU.Build.0 = Debug|Any CPU
		{C7048307-0C6A-4C7A-A215-4AA24CB964B7}.Release|Any CPU.ActiveCfg = Release|Any CPU
		{C7048307-0C6A-4C7A-A215-4AA24CB964B7}.Release|Any CPU.Build.0 = Release|Any CPU
		{EB749581-F09D-4E0E-AD11-EC88F68D1D12}.Debug|Any CPU.ActiveCfg = Debug|Any CPU
		{EB749581-F09D-4E0E-AD11-EC88F68D1D12}.Debug|Any CPU.Build.0 = Debug|Any CPU
		{EB749581-F09D-4E0E-AD11-EC88F68D1D12}.Release|Any CPU.ActiveCfg = Release|Any CPU
		{EB749581-F09D-4E0E-AD11-EC88F68D1D12}.Release|Any CPU.Build.0 = Release|Any CPU
	EndGlobalSection
	GlobalSection(SolutionProperties) = preSolution
		HideSolutionNode = FALSE
	EndGlobalSection
	GlobalSection(ExtensibilityGlobals) = postSolution
		SolutionGuid = {010A7A66-CFBA-43D0-8B31-358EA70FD431}
	EndGlobalSection
EndGlobal
